lockfileVersion: '9.0'

settings:
  autoInstallPeers: true
  excludeLinksFromLockfile: false

importers:

  .:
    dependencies:
      '@hono/node-server':
        specifier: 1.12.1
        version: 1.12.1
      hono:
        specifier: 4.5.6
        version: 4.5.6

packages:

  '@hono/node-server@1.12.1':
    resolution: {integrity: sha512-C9l+08O8xtXB7Ppmy8DjBFH1hYji7JKzsU32Yt1poIIbdPp6S7aOI8IldDHD9YFJ55lv2c21ovNrmxatlHfhAg==}
    engines: {node: '>=18.14.1'}

  hono@4.5.6:
    resolution: {integrity: sha512-9SuUC/zLQv8YAcnIxJko0KCeLI0Q6menPsDWuJ9jaH+r8ZkVXeLqeLs1QJXCPKKbURAWj9x0SJBSFh803EnAUw==}
    engines: {node: '>=16.0.0'}

snapshots:

  '@hono/node-server@1.12.1': {}

  hono@4.5.6: {}
